{
  "nodes": {
    "flakeNimbleLib": {
      "inputs": {
        "nixpkgs": [
          "nixpkgs"
        ]
      },
      "locked": {
        "lastModified": 1662018438,
        "narHash": "sha256-QtNtU6+LX3Wokxf0zlFwKTFOcn6TeDjKQZ+DA9OYtvM=",
        "owner": "riinr",
        "repo": "nim-flakes-lib",
        "rev": "b1fe8340736e3a85d25c709ac3dfd82a55c03cbf",
        "type": "github"
      },
      "original": {
        "owner": "riinr",
        "ref": "master",
        "repo": "nim-flakes-lib",
        "type": "github"
      }
    },
    "nimosc-main": {
      "inputs": {
        "flakeNimbleLib": [
          "flakeNimbleLib"
        ],
        "nixpkgs": [
          "nixpkgs"
        ],
        "src-nimosc-main": "src-nimosc-main"
      },
      "locked": {
        "dir": "main",
        "lastModified": 1667322502,
        "narHash": "sha256-bZcAt+VVPD2fscA0BK22Y8yuZS7hIpNjRX2/4KqZ74M=",
        "owner": "nim-nix-pkgs",
        "repo": "nimosc",
        "rev": "68cc5c499ae7b2560a780febb467be8b53a29dec",
        "type": "github"
      },
      "original": {
        "dir": "main",
        "owner": "nim-nix-pkgs",
        "ref": "master",
        "repo": "nimosc",
        "type": "github"
      }
    },
    "nixpkgs": {
      "locked": {
        "lastModified": 1667199707,
        "narHash": "sha256-I2Js3Y7gUyVSEXPULHlBoRek4Lh85vnevdS6mdvDNLI=",
        "owner": "NixOS",
        "repo": "nixpkgs",
        "rev": "ced197be72099edcfa68ebed8b87af7b04851f45",
        "type": "github"
      },
      "original": {
        "id": "nixpkgs",
        "type": "indirect"
      }
    },
    "root": {
      "inputs": {
        "flakeNimbleLib": "flakeNimbleLib",
        "nimosc-main": "nimosc-main",
        "nixpkgs": "nixpkgs"
      }
    },
    "src-nimosc-main": {
      "flake": false,
      "locked": {
        "lastModified": 1612467449,
        "narHash": "sha256-rlRSWwgCQGXk/0eTA9RTCAEnd/EaHjRowPuQZDNZ69U=",
        "owner": "Psirus",
        "repo": "NimOSC",
        "rev": "ccb70fd05b5632df81bf323f252d6c719f8d60cf",
        "type": "github"
      },
      "original": {
        "owner": "Psirus",
        "ref": "refs/heads/main",
        "repo": "NimOSC",
        "type": "github"
      }
    }
  },
  "root": "root",
  "version": 7
}
